
Microsoft Visual Studio Solution File, Format Version 12.00
# Visual Studio Version 17
VisualStudioVersion = 17.10.35027.167
MinimumVisualStudioVersion = 10.0.40219.1
Project("{FAE04EC0-301F-11D3-BF4B-00C04F79EFBC}") = "OAuthPOC", "OAuthPOC\OAuthPOC.csproj", "{BDBFFB2D-2283-405B-8BB3-60E4950C48A1}"
EndProject
Global
	GlobalSection(SolutionConfigurationPlatforms) = preSolution
		Debug|Any CPU = Debug|Any CPU
		Release|Any CPU = Release|Any CPU
	EndGlobalSection
	GlobalSection(ProjectConfigurationPlatforms) = postSolution
		{BDBFFB2D-2283-405B-8BB3-60E4950C48A1}.Debug|Any CPU.ActiveCfg = Debug|Any CPU
		{BDBFFB2D-2283-405B-8BB3-60E4950C48A1}.Debug|Any CPU.Build.0 = Debug|Any CPU
		{BDBFFB2D-2283-405B-8BB3-60E4950C48A1}.Release|Any CPU.ActiveCfg = Release|Any CPU
		{BDBFFB2D-2283-405B-8BB3-60E4950C48A1}.Release|Any CPU.Build.0 = Release|Any CPU
	EndGlobalSection
	GlobalSection(SolutionProperties) = preSolution
		HideSolutionNode = FALSE
	EndGlobalSection
	GlobalSection(ExtensibilityGlobals) = postSolution
		SolutionGuid = {880BBB77-F63C-4D8C-9B2A-202778EFD535}
	EndGlobalSection
EndGlobal
